
Microsoft Visual Studio Solution File, Format Version 12.00
# Visual Studio Version 17
VisualStudioVersion = 17.12.35527.113
MinimumVisualStudioVersion = 10.0.40219.1
Project("{FAE04EC0-301F-11D3-BF4B-00C04F79EFBC}") = "GoFood.Data", "GoFood.Data\GoFood.Data.csproj", "{164FD850-A64C-40F6-ACF3-A75DCF5CAF0D}"
EndProject
Project("{FAE04EC0-301F-11D3-BF4B-00C04F79EFBC}") = "GoFood.BackendApi", "GoFood.BackendApi\GoFood.BackendApi.csproj", "{E779FECF-5621-4D41-BA42-113545ED341F}"
EndProject
Project("{FAE04EC0-301F-11D3-BF4B-00C04F79EFBC}") = "GoFood.Application", "GoFood.Application\GoFood.Application.csproj", "{B12B1415-43F6-47B1-80FD-EC972E36A376}"
EndProject
Project("{FAE04EC0-301F-11D3-BF4B-00C04F79EFBC}") = "GoFood.ViewModels", "GoFood.ViewModels\GoFood.ViewModels.csproj", "{52F68341-5DED-4E53-A0CF-4329B276773E}"
EndProject
Project("{2150E333-8FDC-42A3-9474-1A3956D46DE8}") = "1.Infrastructure", "1.Infrastructure", "{F3F593E1-1B24-438E-9550-75430E5B3C6A}"
EndProject
Project("{2150E333-8FDC-42A3-9474-1A3956D46DE8}") = "2.Domain", "2.Domain", "{773B4EB1-C499-484A-BCDE-935358AF713A}"
EndProject
Project("{FAE04EC0-301F-11D3-BF4B-00C04F79EFBC}") = "GoFood.Admin", "GoFood.Admin\GoFood.Admin.csproj", "{7782B15D-CE18-4FEF-961F-A885A99F3EEA}"
EndProject
Project("{FAE04EC0-301F-11D3-BF4B-00C04F79EFBC}") = "GoFood.Utilities", "SystemConstants\GoFood.Utilities.csproj", "{A7E8E32E-64F1-451A-AF43-D5E1DD93B3F7}"
EndProject
Project("{2150E333-8FDC-42A3-9474-1A3956D46DE8}") = "3.Host", "3.Host", "{6B9EC3CF-D472-4019-A359-896F2A62F9C9}"
EndProject
Project("{FAE04EC0-301F-11D3-BF4B-00C04F79EFBC}") = "GoFood.WebApp", "GoFood.WebApp\GoFood.WebApp.csproj", "{5C2F6F89-3287-4E5A-AE0F-0E84CA12C4C3}"
EndProject
Project("{FAE04EC0-301F-11D3-BF4B-00C04F79EFBC}") = "GoFood.ApiIntegration", "GoFood.ApiIntegration\GoFood.ApiIntegration.csproj", "{FE85E96C-58A5-41DC-9910-F5A9C7013B2E}"
EndProject
Global
	GlobalSection(SolutionConfigurationPlatforms) = preSolution
		Debug|Any CPU = Debug|Any CPU
		Release|Any CPU = Release|Any CPU
	EndGlobalSection
	GlobalSection(ProjectConfigurationPlatforms) = postSolution
		{164FD850-A64C-40F6-ACF3-A75DCF5CAF0D}.Debug|Any CPU.ActiveCfg = Debug|Any CPU
		{164FD850-A64C-40F6-ACF3-A75DCF5CAF0D}.Debug|Any CPU.Build.0 = Debug|Any CPU
		{164FD850-A64C-40F6-ACF3-A75DCF5CAF0D}.Release|Any CPU.ActiveCfg = Release|Any CPU
		{164FD850-A64C-40F6-ACF3-A75DCF5CAF0D}.Release|Any CPU.Build.0 = Release|Any CPU
		{E779FECF-5621-4D41-BA42-113545ED341F}.Debug|Any CPU.ActiveCfg = Debug|Any CPU
		{E779FECF-5621-4D41-BA42-113545ED341F}.Debug|Any CPU.Build.0 = Debug|Any CPU
		{E779FECF-5621-4D41-BA42-113545ED341F}.Release|Any CPU.ActiveCfg = Release|Any CPU
		{E779FECF-5621-4D41-BA42-113545ED341F}.Release|Any CPU.Build.0 = Release|Any CPU
		{B12B1415-43F6-47B1-80FD-EC972E36A376}.Debug|Any CPU.ActiveCfg = Debug|Any CPU
		{B12B1415-43F6-47B1-80FD-EC972E36A376}.Debug|Any CPU.Build.0 = Debug|Any CPU
		{B12B1415-43F6-47B1-80FD-EC972E36A376}.Release|Any CPU.ActiveCfg = Release|Any CPU
		{B12B1415-43F6-47B1-80FD-EC972E36A376}.Release|Any CPU.Build.0 = Release|Any CPU
		{52F68341-5DED-4E53-A0CF-4329B276773E}.Debug|Any CPU.ActiveCfg = Debug|Any CPU
		{52F68341-5DED-4E53-A0CF-4329B276773E}.Debug|Any CPU.Build.0 = Debug|Any CPU
		{52F68341-5DED-4E53-A0CF-4329B276773E}.Release|Any CPU.ActiveCfg = Release|Any CPU
		{52F68341-5DED-4E53-A0CF-4329B276773E}.Release|Any CPU.Build.0 = Release|Any CPU
		{7782B15D-CE18-4FEF-961F-A885A99F3EEA}.Debug|Any CPU.ActiveCfg = Debug|Any CPU
		{7782B15D-CE18-4FEF-961F-A885A99F3EEA}.Debug|Any CPU.Build.0 = Debug|Any CPU
		{7782B15D-CE18-4FEF-961F-A885A99F3EEA}.Release|Any CPU.ActiveCfg = Release|Any CPU
		{7782B15D-CE18-4FEF-961F-A885A99F3EEA}.Release|Any CPU.Build.0 = Release|Any CPU
		{A7E8E32E-64F1-451A-AF43-D5E1DD93B3F7}.Debug|Any CPU.ActiveCfg = Debug|Any CPU
		{A7E8E32E-64F1-451A-AF43-D5E1DD93B3F7}.Debug|Any CPU.Build.0 = Debug|Any CPU
		{A7E8E32E-64F1-451A-AF43-D5E1DD93B3F7}.Release|Any CPU.ActiveCfg = Release|Any CPU
		{A7E8E32E-64F1-451A-AF43-D5E1DD93B3F7}.Release|Any CPU.Build.0 = Release|Any CPU
		{5C2F6F89-3287-4E5A-AE0F-0E84CA12C4C3}.Debug|Any CPU.ActiveCfg = Debug|Any CPU
		{5C2F6F89-3287-4E5A-AE0F-0E84CA12C4C3}.Debug|Any CPU.Build.0 = Debug|Any CPU
		{5C2F6F89-3287-4E5A-AE0F-0E84CA12C4C3}.Release|Any CPU.ActiveCfg = Release|Any CPU
		{5C2F6F89-3287-4E5A-AE0F-0E84CA12C4C3}.Release|Any CPU.Build.0 = Release|Any CPU
		{FE85E96C-58A5-41DC-9910-F5A9C7013B2E}.Debug|Any CPU.ActiveCfg = Debug|Any CPU
		{FE85E96C-58A5-41DC-9910-F5A9C7013B2E}.Debug|Any CPU.Build.0 = Debug|Any CPU
		{FE85E96C-58A5-41DC-9910-F5A9C7013B2E}.Release|Any CPU.ActiveCfg = Release|Any CPU
		{FE85E96C-58A5-41DC-9910-F5A9C7013B2E}.Release|Any CPU.Build.0 = Release|Any CPU
	EndGlobalSection
	GlobalSection(SolutionProperties) = preSolution
		HideSolutionNode = FALSE
	EndGlobalSection
	GlobalSection(NestedProjects) = preSolution
		{164FD850-A64C-40F6-ACF3-A75DCF5CAF0D} = {773B4EB1-C499-484A-BCDE-935358AF713A}
		{E779FECF-5621-4D41-BA42-113545ED341F} = {6B9EC3CF-D472-4019-A359-896F2A62F9C9}
		{B12B1415-43F6-47B1-80FD-EC972E36A376} = {773B4EB1-C499-484A-BCDE-935358AF713A}
		{52F68341-5DED-4E53-A0CF-4329B276773E} = {F3F593E1-1B24-438E-9550-75430E5B3C6A}
		{7782B15D-CE18-4FEF-961F-A885A99F3EEA} = {6B9EC3CF-D472-4019-A359-896F2A62F9C9}
		{A7E8E32E-64F1-451A-AF43-D5E1DD93B3F7} = {F3F593E1-1B24-438E-9550-75430E5B3C6A}
		{5C2F6F89-3287-4E5A-AE0F-0E84CA12C4C3} = {6B9EC3CF-D472-4019-A359-896F2A62F9C9}
		{FE85E96C-58A5-41DC-9910-F5A9C7013B2E} = {6B9EC3CF-D472-4019-A359-896F2A62F9C9}
	EndGlobalSection
	GlobalSection(ExtensibilityGlobals) = postSolution
		SolutionGuid = {7F9B6C81-EF76-483B-8B0F-86DA148211AD}
	EndGlobalSection
EndGlobal
